
Microsoft Visual Studio Solution File, Format Version 12.00
# Visual Studio Version 17
VisualStudioVersion = 17.6.33829.357
MinimumVisualStudioVersion = 10.0.40219.1
Project("{2150E333-8FDC-42A3-9474-1A3956D46DE8}") = "Solution Items", "Solution Items", "{241AB638-4786-435A-8565-93AD3C40BBB4}"
	ProjectSection(SolutionItems) = preProject
		README.md = README.md
		SampleAddress.txt = SampleAddress.txt
	EndProjectSection
EndProject
Project("{9A19103F-16F7-4668-BE54-9A1E7A4F7556}") = "TodoList.Core.API", "TodoList-WebApi\TodoList.Core.API.csproj", "{78B0FEAF-64DF-483B-A653-BF3110053FA3}"
EndProject
Project("{9A19103F-16F7-4668-BE54-9A1E7A4F7556}") = "TodoList.Client.MVC", "TodoList.Client.MVC\TodoList.Client.MVC.csproj", "{AD430BAD-2814-4431-A6BE-37A15D3BA701}"
EndProject
Project("{9A19103F-16F7-4668-BE54-9A1E7A4F7556}") = "TodoList.Client.Blazor", "TodoList.Client.Blazor\TodoList.Client.Blazor.csproj", "{B2511179-55A2-4C8C-8DB0-F69CE01193C4}"
EndProject
Project("{9A19103F-16F7-4668-BE54-9A1E7A4F7556}") = "TodoList.Client.MAUI", "TodoList.Client.MAUI\TodoList.Client.MAUI.csproj", "{50748E30-1A07-411F-92C1-39A0C865183C}"
EndProject
Project("{9A19103F-16F7-4668-BE54-9A1E7A4F7556}") = "TodoList.Common.Services", "TodoList.Common.Services\TodoList.Common.Services.csproj", "{9B4B681B-ED90-4A36-9461-E75F59B66289}"
EndProject
Project("{9A19103F-16F7-4668-BE54-9A1E7A4F7556}") = "TodoList.Common.Entities", "TodoList.Common.Entities\TodoList.Common.Entities.csproj", "{90AD941E-A4A7-4A13-A5BB-2C22B6E10B20}"
EndProject
Project("{9A19103F-16F7-4668-BE54-9A1E7A4F7556}") = "TodoList.Client.Console", "TodoList.Client.Console\TodoList.Client.Console.csproj", "{CD86E331-F757-47B6-8FF0-3191E6A1BB6C}"
EndProject
Global
	GlobalSection(SolutionConfigurationPlatforms) = preSolution
		Debug|Any CPU = Debug|Any CPU
		Release|Any CPU = Release|Any CPU
	EndGlobalSection
	GlobalSection(ProjectConfigurationPlatforms) = postSolution
		{78B0FEAF-64DF-483B-A653-BF3110053FA3}.Debug|Any CPU.ActiveCfg = Debug|Any CPU
		{78B0FEAF-64DF-483B-A653-BF3110053FA3}.Debug|Any CPU.Build.0 = Debug|Any CPU
		{78B0FEAF-64DF-483B-A653-BF3110053FA3}.Release|Any CPU.ActiveCfg = Release|Any CPU
		{78B0FEAF-64DF-483B-A653-BF3110053FA3}.Release|Any CPU.Build.0 = Release|Any CPU
		{AD430BAD-2814-4431-A6BE-37A15D3BA701}.Debug|Any CPU.ActiveCfg = Debug|Any CPU
		{AD430BAD-2814-4431-A6BE-37A15D3BA701}.Debug|Any CPU.Build.0 = Debug|Any CPU
		{AD430BAD-2814-4431-A6BE-37A15D3BA701}.Release|Any CPU.ActiveCfg = Release|Any CPU
		{AD430BAD-2814-4431-A6BE-37A15D3BA701}.Release|Any CPU.Build.0 = Release|Any CPU
		{B2511179-55A2-4C8C-8DB0-F69CE01193C4}.Debug|Any CPU.ActiveCfg = Debug|Any CPU
		{B2511179-55A2-4C8C-8DB0-F69CE01193C4}.Debug|Any CPU.Build.0 = Debug|Any CPU
		{B2511179-55A2-4C8C-8DB0-F69CE01193C4}.Release|Any CPU.ActiveCfg = Release|Any CPU
		{B2511179-55A2-4C8C-8DB0-F69CE01193C4}.Release|Any CPU.Build.0 = Release|Any CPU
		{50748E30-1A07-411F-92C1-39A0C865183C}.Debug|Any CPU.ActiveCfg = Debug|Any CPU
		{50748E30-1A07-411F-92C1-39A0C865183C}.Debug|Any CPU.Build.0 = Debug|Any CPU
		{50748E30-1A07-411F-92C1-39A0C865183C}.Debug|Any CPU.Deploy.0 = Debug|Any CPU
		{50748E30-1A07-411F-92C1-39A0C865183C}.Release|Any CPU.ActiveCfg = Release|Any CPU
		{50748E30-1A07-411F-92C1-39A0C865183C}.Release|Any CPU.Build.0 = Release|Any CPU
		{50748E30-1A07-411F-92C1-39A0C865183C}.Release|Any CPU.Deploy.0 = Release|Any CPU
		{9B4B681B-ED90-4A36-9461-E75F59B66289}.Debug|Any CPU.ActiveCfg = Debug|Any CPU
		{9B4B681B-ED90-4A36-9461-E75F59B66289}.Debug|Any CPU.Build.0 = Debug|Any CPU
		{9B4B681B-ED90-4A36-9461-E75F59B66289}.Release|Any CPU.ActiveCfg = Release|Any CPU
		{9B4B681B-ED90-4A36-9461-E75F59B66289}.Release|Any CPU.Build.0 = Release|Any CPU
		{90AD941E-A4A7-4A13-A5BB-2C22B6E10B20}.Debug|Any CPU.ActiveCfg = Debug|Any CPU
		{90AD941E-A4A7-4A13-A5BB-2C22B6E10B20}.Debug|Any CPU.Build.0 = Debug|Any CPU
		{90AD941E-A4A7-4A13-A5BB-2C22B6E10B20}.Release|Any CPU.ActiveCfg = Release|Any CPU
		{90AD941E-A4A7-4A13-A5BB-2C22B6E10B20}.Release|Any CPU.Build.0 = Release|Any CPU
		{CD86E331-F757-47B6-8FF0-3191E6A1BB6C}.Debug|Any CPU.ActiveCfg = Debug|Any CPU
		{CD86E331-F757-47B6-8FF0-3191E6A1BB6C}.Debug|Any CPU.Build.0 = Debug|Any CPU
		{CD86E331-F757-47B6-8FF0-3191E6A1BB6C}.Release|Any CPU.ActiveCfg = Release|Any CPU
		{CD86E331-F757-47B6-8FF0-3191E6A1BB6C}.Release|Any CPU.Build.0 = Release|Any CPU
	EndGlobalSection
	GlobalSection(SolutionProperties) = preSolution
		HideSolutionNode = FALSE
	EndGlobalSection
	GlobalSection(ExtensibilityGlobals) = postSolution
		SolutionGuid = {5A9A2601-8CEB-4475-9E95-43A5438B71CD}
	EndGlobalSection
EndGlobal
